
Microsoft Visual Studio Solution File, Format Version 12.00
# Visual Studio 14
VisualStudioVersion = 14.0.25420.1
MinimumVisualStudioVersion = 10.0.40219.1
Project("{FAE04EC0-301F-11D3-BF4B-00C04F79EFBC}") = "LB.MainForm", "LB.MainForm\LB.MainForm.csproj", "{ECEA6DEB-C611-4487-9EE1-641240CF8CBF}"
EndProject
Project("{FAE04EC0-301F-11D3-BF4B-00C04F79EFBC}") = "LB.Common", "LB.Common\LB.Common.csproj", "{88240F2E-3447-4A6E-A598-8FEE981B5A4A}"
EndProject
Project("{FAE04EC0-301F-11D3-BF4B-00C04F79EFBC}") = "LB.Base", "LB.Base\LB.Base.csproj", "{739059D0-9D83-4881-B502-B08CCA50A4E4}"
EndProject
Project("{FAE04EC0-301F-11D3-BF4B-00C04F79EFBC}") = "LB.Controls", "LB.Controls\LB.Controls.csproj", "{04C9AD34-D6AB-4518-9701-9F991D3A8B60}"
EndProject
Project("{FAE04EC0-301F-11D3-BF4B-00C04F79EFBC}") = "LB.Login", "LB.Login\LB.Login.csproj", "{12978718-AFCB-4AB2-B00F-CDBD3C2AAA23}"
EndProject
Project("{FAE04EC0-301F-11D3-BF4B-00C04F79EFBC}") = "LB.StyleResource", "LB.StyleResource\LB.StyleResource.csproj", "{BB3A2964-6A7E-479A-B180-B156FBCC868B}"
EndProject
Project("{FAE04EC0-301F-11D3-BF4B-00C04F79EFBC}") = "LB.SysConfig", "LB.SysConfig\LB.SysConfig.csproj", "{948F87EE-5644-4CB5-AFA2-C8AEEB1470C2}"
EndProject
Project("{FAE04EC0-301F-11D3-BF4B-00C04F79EFBC}") = "LB.Report", "LB.Report\LB.Report.csproj", "{B74451B8-3C98-49CD-BFED-FC79C41CB742}"
EndProject
Project("{FAE04EC0-301F-11D3-BF4B-00C04F79EFBC}") = "LB.SmartClient", "LB.SmartClient\LB.SmartClient.csproj", "{8C9675E8-9C82-4457-BD3F-B2A8FE66DBC2}"
EndProject
Project("{FAE04EC0-301F-11D3-BF4B-00C04F79EFBC}") = "LB.PageType", "LB.PageType\LB.PageType.csproj", "{140F1360-E156-45ED-BE3A-B4A0AF2D40E8}"
EndProject
Project("{FAE04EC0-301F-11D3-BF4B-00C04F79EFBC}") = "LB.RPReceive", "LB.RPReceive\LB.RPReceive.csproj", "{A6740FE0-03AB-40E9-A2FD-B4F7A904DC36}"
EndProject
Project("{FAE04EC0-301F-11D3-BF4B-00C04F79EFBC}") = "LB.MI", "LB.MI\LB.MI.csproj", "{F53A2FCB-4279-4214-AF1C-857C1942995E}"
EndProject
Project("{FAE04EC0-301F-11D3-BF4B-00C04F79EFBC}") = "FastReport", "FastReport\FastReport.csproj", "{7C64FBDC-25E5-47FF-B6F8-443256745E2D}"
EndProject
Global
	GlobalSection(SolutionConfigurationPlatforms) = preSolution
		Academic|Any CPU = Academic|Any CPU
		Academic|x86 = Academic|x86
		Basic|Any CPU = Basic|Any CPU
		Basic|x86 = Basic|x86
		Debug|Any CPU = Debug|Any CPU
		Debug|x86 = Debug|x86
		Demo|Any CPU = Demo|Any CPU
		Demo|x86 = Demo|x86
		Release|Any CPU = Release|Any CPU
		Release|x86 = Release|x86
		WinForms|Any CPU = WinForms|Any CPU
		WinForms|x86 = WinForms|x86
	EndGlobalSection
	GlobalSection(ProjectConfigurationPlatforms) = postSolution
		{ECEA6DEB-C611-4487-9EE1-641240CF8CBF}.Academic|Any CPU.ActiveCfg = Release|Any CPU
		{ECEA6DEB-C611-4487-9EE1-641240CF8CBF}.Academic|Any CPU.Build.0 = Release|Any CPU
		{ECEA6DEB-C611-4487-9EE1-641240CF8CBF}.Academic|x86.ActiveCfg = Release|Any CPU
		{ECEA6DEB-C611-4487-9EE1-641240CF8CBF}.Academic|x86.Build.0 = Release|Any CPU
		{ECEA6DEB-C611-4487-9EE1-641240CF8CBF}.Basic|Any CPU.ActiveCfg = Release|Any CPU
		{ECEA6DEB-C611-4487-9EE1-641240CF8CBF}.Basic|Any CPU.Build.0 = Release|Any CPU
		{ECEA6DEB-C611-4487-9EE1-641240CF8CBF}.Basic|x86.ActiveCfg = Release|Any CPU
		{ECEA6DEB-C611-4487-9EE1-641240CF8CBF}.Basic|x86.Build.0 = Release|Any CPU
		{ECEA6DEB-C611-4487-9EE1-641240CF8CBF}.Debug|Any CPU.ActiveCfg = Debug|Any CPU
		{ECEA6DEB-C611-4487-9EE1-641240CF8CBF}.Debug|Any CPU.Build.0 = Debug|Any CPU
		{ECEA6DEB-C611-4487-9EE1-641240CF8CBF}.Debug|x86.ActiveCfg = Debug|Any CPU
		{ECEA6DEB-C611-4487-9EE1-641240CF8CBF}.Debug|x86.Build.0 = Debug|Any CPU
		{ECEA6DEB-C611-4487-9EE1-641240CF8CBF}.Demo|Any CPU.ActiveCfg = Debug|Any CPU
		{ECEA6DEB-C611-4487-9EE1-641240CF8CBF}.Demo|Any CPU.Build.0 = Debug|Any CPU
		{ECEA6DEB-C611-4487-9EE1-641240CF8CBF}.Demo|x86.ActiveCfg = Debug|Any CPU
		{ECEA6DEB-C611-4487-9EE1-641240CF8CBF}.Demo|x86.Build.0 = Debug|Any CPU
		{ECEA6DEB-C611-4487-9EE1-641240CF8CBF}.Release|Any CPU.ActiveCfg = Release|Any CPU
		{ECEA6DEB-C611-4487-9EE1-641240CF8CBF}.Release|Any CPU.Build.0 = Release|Any CPU
		{ECEA6DEB-C611-4487-9EE1-641240CF8CBF}.Release|x86.ActiveCfg = Release|Any CPU
		{ECEA6DEB-C611-4487-9EE1-641240CF8CBF}.Release|x86.Build.0 = Release|Any CPU
		{ECEA6DEB-C611-4487-9EE1-641240CF8CBF}.WinForms|Any CPU.ActiveCfg = Release|Any CPU
		{ECEA6DEB-C611-4487-9EE1-641240CF8CBF}.WinForms|Any CPU.Build.0 = Release|Any CPU
		{ECEA6DEB-C611-4487-9EE1-641240CF8CBF}.WinForms|x86.ActiveCfg = Release|Any CPU
		{ECEA6DEB-C611-4487-9EE1-641240CF8CBF}.WinForms|x86.Build.0 = Release|Any CPU
		{88240F2E-3447-4A6E-A598-8FEE981B5A4A}.Academic|Any CPU.ActiveCfg = Release|Any CPU
		{88240F2E-3447-4A6E-A598-8FEE981B5A4A}.Academic|Any CPU.Build.0 = Release|Any CPU
		{88240F2E-3447-4A6E-A598-8FEE981B5A4A}.Academic|x86.ActiveCfg = Debug|x86
		{88240F2E-3447-4A6E-A598-8FEE981B5A4A}.Academic|x86.Build.0 = Debug|x86
		{88240F2E-3447-4A6E-A598-8FEE981B5A4A}.Basic|Any CPU.ActiveCfg = Release|Any CPU
		{88240F2E-3447-4A6E-A598-8FEE981B5A4A}.Basic|Any CPU.Build.0 = Release|Any CPU
		{88240F2E-3447-4A6E-A598-8FEE981B5A4A}.Basic|x86.ActiveCfg = Debug|x86
		{88240F2E-3447-4A6E-A598-8FEE981B5A4A}.Basic|x86.Build.0 = Debug|x86
		{88240F2E-3447-4A6E-A598-8FEE981B5A4A}.Debug|Any CPU.ActiveCfg = Debug|Any CPU
		{88240F2E-3447-4A6E-A598-8FEE981B5A4A}.Debug|Any CPU.Build.0 = Debug|Any CPU
		{88240F2E-3447-4A6E-A598-8FEE981B5A4A}.Debug|x86.ActiveCfg = Debug|Any CPU
		{88240F2E-3447-4A6E-A598-8FEE981B5A4A}.Debug|x86.Build.0 = Debug|Any CPU
		{88240F2E-3447-4A6E-A598-8FEE981B5A4A}.Demo|Any CPU.ActiveCfg = Debug|Any CPU
		{88240F2E-3447-4A6E-A598-8FEE981B5A4A}.Demo|Any CPU.Build.0 = Debug|Any CPU
		{88240F2E-3447-4A6E-A598-8FEE981B5A4A}.Demo|x86.ActiveCfg = Debug|x86
		{88240F2E-3447-4A6E-A598-8FEE981B5A4A}.Demo|x86.Build.0 = Debug|x86
		{88240F2E-3447-4A6E-A598-8FEE981B5A4A}.Release|Any CPU.ActiveCfg = Release|Any CPU
		{88240F2E-3447-4A6E-A598-8FEE981B5A4A}.Release|Any CPU.Build.0 = Release|Any CPU
		{88240F2E-3447-4A6E-A598-8FEE981B5A4A}.Release|x86.ActiveCfg = Release|x86
		{88240F2E-3447-4A6E-A598-8FEE981B5A4A}.Release|x86.Build.0 = Release|x86
		{88240F2E-3447-4A6E-A598-8FEE981B5A4A}.WinForms|Any CPU.ActiveCfg = Release|Any CPU
		{88240F2E-3447-4A6E-A598-8FEE981B5A4A}.WinForms|Any CPU.Build.0 = Release|Any CPU
		{88240F2E-3447-4A6E-A598-8FEE981B5A4A}.WinForms|x86.ActiveCfg = Debug|x86
		{88240F2E-3447-4A6E-A598-8FEE981B5A4A}.WinForms|x86.Build.0 = Debug|x86
		{739059D0-9D83-4881-B502-B08CCA50A4E4}.Academic|Any CPU.ActiveCfg = Release|Any CPU
		{739059D0-9D83-4881-B502-B08CCA50A4E4}.Academic|Any CPU.Build.0 = Release|Any CPU
		{739059D0-9D83-4881-B502-B08CCA50A4E4}.Academic|x86.ActiveCfg = Release|Any CPU
		{739059D0-9D83-4881-B502-B08CCA50A4E4}.Academic|x86.Build.0 = Release|Any CPU
		{739059D0-9D83-4881-B502-B08CCA50A4E4}.Basic|Any CPU.ActiveCfg = Release|Any CPU
		{739059D0-9D83-4881-B502-B08CCA50A4E4}.Basic|Any CPU.Build.0 = Release|Any CPU
		{739059D0-9D83-4881-B502-B08CCA50A4E4}.Basic|x86.ActiveCfg = Release|Any CPU
		{739059D0-9D83-4881-B502-B08CCA50A4E4}.Basic|x86.Build.0 = Release|Any CPU
		{739059D0-9D83-4881-B502-B08CCA50A4E4}.Debug|Any CPU.ActiveCfg = Debug|Any CPU
		{739059D0-9D83-4881-B502-B08CCA50A4E4}.Debug|Any CPU.Build.0 = Debug|Any CPU
		{739059D0-9D83-4881-B502-B08CCA50A4E4}.Debug|x86.ActiveCfg = Debug|Any CPU
		{739059D0-9D83-4881-B502-B08CCA50A4E4}.Debug|x86.Build.0 = Debug|Any CPU
		{739059D0-9D83-4881-B502-B08CCA50A4E4}.Demo|Any CPU.ActiveCfg = Debug|Any CPU
		{739059D0-9D83-4881-B502-B08CCA50A4E4}.Demo|Any CPU.Build.0 = Debug|Any CPU
		{739059D0-9D83-4881-B502-B08CCA50A4E4}.Demo|x86.ActiveCfg = Debug|Any CPU
		{739059D0-9D83-4881-B502-B08CCA50A4E4}.Demo|x86.Build.0 = Debug|Any CPU
		{739059D0-9D83-4881-B502-B08CCA50A4E4}.Release|Any CPU.ActiveCfg = Release|Any CPU
		{739059D0-9D83-4881-B502-B08CCA50A4E4}.Release|Any CPU.Build.0 = Release|Any CPU
		{739059D0-9D83-4881-B502-B08CCA50A4E4}.Release|x86.ActiveCfg = Release|Any CPU
		{739059D0-9D83-4881-B502-B08CCA50A4E4}.Release|x86.Build.0 = Release|Any CPU
		{739059D0-9D83-4881-B502-B08CCA50A4E4}.WinForms|Any CPU.ActiveCfg = Release|Any CPU
		{739059D0-9D83-4881-B502-B08CCA50A4E4}.WinForms|Any CPU.Build.0 = Release|Any CPU
		{739059D0-9D83-4881-B502-B08CCA50A4E4}.WinForms|x86.ActiveCfg = Release|Any CPU
		{739059D0-9D83-4881-B502-B08CCA50A4E4}.WinForms|x86.Build.0 = Release|Any CPU
		{04C9AD34-D6AB-4518-9701-9F991D3A8B60}.Academic|Any CPU.ActiveCfg = Release|Any CPU
		{04C9AD34-D6AB-4518-9701-9F991D3A8B60}.Academic|Any CPU.Build.0 = Release|Any CPU
		{04C9AD34-D6AB-4518-9701-9F991D3A8B60}.Academic|x86.ActiveCfg = Release|Any CPU
		{04C9AD34-D6AB-4518-9701-9F991D3A8B60}.Academic|x86.Build.0 = Release|Any CPU
		{04C9AD34-D6AB-4518-9701-9F991D3A8B60}.Basic|Any CPU.ActiveCfg = Release|Any CPU
		{04C9AD34-D6AB-4518-9701-9F991D3A8B60}.Basic|Any CPU.Build.0 = Release|Any CPU
		{04C9AD34-D6AB-4518-9701-9F991D3A8B60}.Basic|x86.ActiveCfg = Release|Any CPU
		{04C9AD34-D6AB-4518-9701-9F991D3A8B60}.Basic|x86.Build.0 = Release|Any CPU
		{04C9AD34-D6AB-4518-9701-9F991D3A8B60}.Debug|Any CPU.ActiveCfg = Debug|Any CPU
		{04C9AD34-D6AB-4518-9701-9F991D3A8B60}.Debug|Any CPU.Build.0 = Debug|Any CPU
		{04C9AD34-D6AB-4518-9701-9F991D3A8B60}.Debug|x86.ActiveCfg = Debug|Any CPU
		{04C9AD34-D6AB-4518-9701-9F991D3A8B60}.Debug|x86.Build.0 = Debug|Any CPU
		{04C9AD34-D6AB-4518-9701-9F991D3A8B60}.Demo|Any CPU.ActiveCfg = Debug|Any CPU
		{04C9AD34-D6AB-4518-9701-9F991D3A8B60}.Demo|Any CPU.Build.0 = Debug|Any CPU
		{04C9AD34-D6AB-4518-9701-9F991D3A8B60}.Demo|x86.ActiveCfg = Debug|Any CPU
		{04C9AD34-D6AB-4518-9701-9F991D3A8B60}.Demo|x86.Build.0 = Debug|Any CPU
		{04C9AD34-D6AB-4518-9701-9F991D3A8B60}.Release|Any CPU.ActiveCfg = Release|Any CPU
		{04C9AD34-D6AB-4518-9701-9F991D3A8B60}.Release|Any CPU.Build.0 = Release|Any CPU
		{04C9AD34-D6AB-4518-9701-9F991D3A8B60}.Release|x86.ActiveCfg = Release|Any CPU
		{04C9AD34-D6AB-4518-9701-9F991D3A8B60}.Release|x86.Build.0 = Release|Any CPU
		{04C9AD34-D6AB-4518-9701-9F991D3A8B60}.WinForms|Any CPU.ActiveCfg = Release|Any CPU
		{04C9AD34-D6AB-4518-9701-9F991D3A8B60}.WinForms|Any CPU.Build.0 = Release|Any CPU
		{04C9AD34-D6AB-4518-9701-9F991D3A8B60}.WinForms|x86.ActiveCfg = Release|Any CPU
		{04C9AD34-D6AB-4518-9701-9F991D3A8B60}.WinForms|x86.Build.0 = Release|Any CPU
		{12978718-AFCB-4AB2-B00F-CDBD3C2AAA23}.Academic|Any CPU.ActiveCfg = Release|Any CPU
		{12978718-AFCB-4AB2-B00F-CDBD3C2AAA23}.Academic|Any CPU.Build.0 = Release|Any CPU
		{12978718-AFCB-4AB2-B00F-CDBD3C2AAA23}.Academic|x86.ActiveCfg = Release|Any CPU
		{12978718-AFCB-4AB2-B00F-CDBD3C2AAA23}.Academic|x86.Build.0 = Release|Any CPU
		{12978718-AFCB-4AB2-B00F-CDBD3C2AAA23}.Basic|Any CPU.ActiveCfg = Release|Any CPU
		{12978718-AFCB-4AB2-B00F-CDBD3C2AAA23}.Basic|Any CPU.Build.0 = Release|Any CPU
		{12978718-AFCB-4AB2-B00F-CDBD3C2AAA23}.Basic|x86.ActiveCfg = Release|Any CPU
		{12978718-AFCB-4AB2-B00F-CDBD3C2AAA23}.Basic|x86.Build.0 = Release|Any CPU
		{12978718-AFCB-4AB2-B00F-CDBD3C2AAA23}.Debug|Any CPU.ActiveCfg = Debug|Any CPU
		{12978718-AFCB-4AB2-B00F-CDBD3C2AAA23}.Debug|Any CPU.Build.0 = Debug|Any CPU
		{12978718-AFCB-4AB2-B00F-CDBD3C2AAA23}.Debug|x86.ActiveCfg = Debug|Any CPU
		{12978718-AFCB-4AB2-B00F-CDBD3C2AAA23}.Debug|x86.Build.0 = Debug|Any CPU
		{12978718-AFCB-4AB2-B00F-CDBD3C2AAA23}.Demo|Any CPU.ActiveCfg = Debug|Any CPU
		{12978718-AFCB-4AB2-B00F-CDBD3C2AAA23}.Demo|Any CPU.Build.0 = Debug|Any CPU
		{12978718-AFCB-4AB2-B00F-CDBD3C2AAA23}.Demo|x86.ActiveCfg = Debug|Any CPU
		{12978718-AFCB-4AB2-B00F-CDBD3C2AAA23}.Demo|x86.Build.0 = Debug|Any CPU
		{12978718-AFCB-4AB2-B00F-CDBD3C2AAA23}.Release|Any CPU.ActiveCfg = Release|Any CPU
		{12978718-AFCB-4AB2-B00F-CDBD3C2AAA23}.Release|Any CPU.Build.0 = Release|Any CPU
		{12978718-AFCB-4AB2-B00F-CDBD3C2AAA23}.Release|x86.ActiveCfg = Release|Any CPU
		{12978718-AFCB-4AB2-B00F-CDBD3C2AAA23}.Release|x86.Build.0 = Release|Any CPU
		{12978718-AFCB-4AB2-B00F-CDBD3C2AAA23}.WinForms|Any CPU.ActiveCfg = Release|Any CPU
		{12978718-AFCB-4AB2-B00F-CDBD3C2AAA23}.WinForms|Any CPU.Build.0 = Release|Any CPU
		{12978718-AFCB-4AB2-B00F-CDBD3C2AAA23}.WinForms|x86.ActiveCfg = Release|Any CPU
		{12978718-AFCB-4AB2-B00F-CDBD3C2AAA23}.WinForms|x86.Build.0 = Release|Any CPU
		{BB3A2964-6A7E-479A-B180-B156FBCC868B}.Academic|Any CPU.ActiveCfg = Release|Any CPU
		{BB3A2964-6A7E-479A-B180-B156FBCC868B}.Academic|Any CPU.Build.0 = Release|Any CPU
		{BB3A2964-6A7E-479A-B180-B156FBCC868B}.Academic|x86.ActiveCfg = Release|Any CPU
		{BB3A2964-6A7E-479A-B180-B156FBCC868B}.Academic|x86.Build.0 = Release|Any CPU
		{BB3A2964-6A7E-479A-B180-B156FBCC868B}.Basic|Any CPU.ActiveCfg = Release|Any CPU
		{BB3A2964-6A7E-479A-B180-B156FBCC868B}.Basic|Any CPU.Build.0 = Release|Any CPU
		{BB3A2964-6A7E-479A-B180-B156FBCC868B}.Basic|x86.ActiveCfg = Release|Any CPU
		{BB3A2964-6A7E-479A-B180-B156FBCC868B}.Basic|x86.Build.0 = Release|Any CPU
		{BB3A2964-6A7E-479A-B180-B156FBCC868B}.Debug|Any CPU.ActiveCfg = Debug|Any CPU
		{BB3A2964-6A7E-479A-B180-B156FBCC868B}.Debug|Any CPU.Build.0 = Debug|Any CPU
		{BB3A2964-6A7E-479A-B180-B156FBCC868B}.Debug|x86.ActiveCfg = Debug|Any CPU
		{BB3A2964-6A7E-479A-B180-B156FBCC868B}.Debug|x86.Build.0 = Debug|Any CPU
		{BB3A2964-6A7E-479A-B180-B156FBCC868B}.Demo|Any CPU.ActiveCfg = Debug|Any CPU
		{BB3A2964-6A7E-479A-B180-B156FBCC868B}.Demo|Any CPU.Build.0 = Debug|Any CPU
		{BB3A2964-6A7E-479A-B180-B156FBCC868B}.Demo|x86.ActiveCfg = Debug|Any CPU
		{BB3A2964-6A7E-479A-B180-B156FBCC868B}.Demo|x86.Build.0 = Debug|Any CPU
		{BB3A2964-6A7E-479A-B180-B156FBCC868B}.Release|Any CPU.ActiveCfg = Release|Any CPU
		{BB3A2964-6A7E-479A-B180-B156FBCC868B}.Release|Any CPU.Build.0 = Release|Any CPU
		{BB3A2964-6A7E-479A-B180-B156FBCC868B}.Release|x86.ActiveCfg = Release|Any CPU
		{BB3A2964-6A7E-479A-B180-B156FBCC868B}.Release|x86.Build.0 = Release|Any CPU
		{BB3A2964-6A7E-479A-B180-B156FBCC868B}.WinForms|Any CPU.ActiveCfg = Release|Any CPU
		{BB3A2964-6A7E-479A-B180-B156FBCC868B}.WinForms|Any CPU.Build.0 = Release|Any CPU
		{BB3A2964-6A7E-479A-B180-B156FBCC868B}.WinForms|x86.ActiveCfg = Release|Any CPU
		{BB3A2964-6A7E-479A-B180-B156FBCC868B}.WinForms|x86.Build.0 = Release|Any CPU
		{948F87EE-5644-4CB5-AFA2-C8AEEB1470C2}.Academic|Any CPU.ActiveCfg = Release|Any CPU
		{948F87EE-5644-4CB5-AFA2-C8AEEB1470C2}.Academic|Any CPU.Build.0 = Release|Any CPU
		{948F87EE-5644-4CB5-AFA2-C8AEEB1470C2}.Academic|x86.ActiveCfg = Release|Any CPU
		{948F87EE-5644-4CB5-AFA2-C8AEEB1470C2}.Academic|x86.Build.0 = Release|Any CPU
		{948F87EE-5644-4CB5-AFA2-C8AEEB1470C2}.Basic|Any CPU.ActiveCfg = Release|Any CPU
		{948F87EE-5644-4CB5-AFA2-C8AEEB1470C2}.Basic|Any CPU.Build.0 = Release|Any CPU
		{948F87EE-5644-4CB5-AFA2-C8AEEB1470C2}.Basic|x86.ActiveCfg = Release|Any CPU
		{948F87EE-5644-4CB5-AFA2-C8AEEB1470C2}.Basic|x86.Build.0 = Release|Any CPU
		{948F87EE-5644-4CB5-AFA2-C8AEEB1470C2}.Debug|Any CPU.ActiveCfg = Debug|Any CPU
		{948F87EE-5644-4CB5-AFA2-C8AEEB1470C2}.Debug|Any CPU.Build.0 = Debug|Any CPU
		{948F87EE-5644-4CB5-AFA2-C8AEEB1470C2}.Debug|x86.ActiveCfg = Debug|Any CPU
		{948F87EE-5644-4CB5-AFA2-C8AEEB1470C2}.Debug|x86.Build.0 = Debug|Any CPU
		{948F87EE-5644-4CB5-AFA2-C8AEEB1470C2}.Demo|Any CPU.ActiveCfg = Debug|Any CPU
		{948F87EE-5644-4CB5-AFA2-C8AEEB1470C2}.Demo|Any CPU.Build.0 = Debug|Any CPU
		{948F87EE-5644-4CB5-AFA2-C8AEEB1470C2}.Demo|x86.ActiveCfg = Debug|Any CPU
		{948F87EE-5644-4CB5-AFA2-C8AEEB1470C2}.Demo|x86.Build.0 = Debug|Any CPU
		{948F87EE-5644-4CB5-AFA2-C8AEEB1470C2}.Release|Any CPU.ActiveCfg = Release|Any CPU
		{948F87EE-5644-4CB5-AFA2-C8AEEB1470C2}.Release|Any CPU.Build.0 = Release|Any CPU
		{948F87EE-5644-4CB5-AFA2-C8AEEB1470C2}.Release|x86.ActiveCfg = Release|Any CPU
		{948F87EE-5644-4CB5-AFA2-C8AEEB1470C2}.Release|x86.Build.0 = Release|Any CPU
		{948F87EE-5644-4CB5-AFA2-C8AEEB1470C2}.WinForms|Any CPU.ActiveCfg = Release|Any CPU
		{948F87EE-5644-4CB5-AFA2-C8AEEB1470C2}.WinForms|Any CPU.Build.0 = Release|Any CPU
		{948F87EE-5644-4CB5-AFA2-C8AEEB1470C2}.WinForms|x86.ActiveCfg = Release|Any CPU
		{948F87EE-5644-4CB5-AFA2-C8AEEB1470C2}.WinForms|x86.Build.0 = Release|Any CPU
		{B74451B8-3C98-49CD-BFED-FC79C41CB742}.Academic|Any CPU.ActiveCfg = Release|Any CPU
		{B74451B8-3C98-49CD-BFED-FC79C41CB742}.Academic|Any CPU.Build.0 = Release|Any CPU
		{B74451B8-3C98-49CD-BFED-FC79C41CB742}.Academic|x86.ActiveCfg = Release|Any CPU
		{B74451B8-3C98-49CD-BFED-FC79C41CB742}.Academic|x86.Build.0 = Release|Any CPU
		{B74451B8-3C98-49CD-BFED-FC79C41CB742}.Basic|Any CPU.ActiveCfg = Release|Any CPU
		{B74451B8-3C98-49CD-BFED-FC79C41CB742}.Basic|Any CPU.Build.0 = Release|Any CPU
		{B74451B8-3C98-49CD-BFED-FC79C41CB742}.Basic|x86.ActiveCfg = Release|Any CPU
		{B74451B8-3C98-49CD-BFED-FC79C41CB742}.Basic|x86.Build.0 = Release|Any CPU
		{B74451B8-3C98-49CD-BFED-FC79C41CB742}.Debug|Any CPU.ActiveCfg = Debug|Any CPU
		{B74451B8-3C98-49CD-BFED-FC79C41CB742}.Debug|Any CPU.Build.0 = Debug|Any CPU
		{B74451B8-3C98-49CD-BFED-FC79C41CB742}.Debug|x86.ActiveCfg = Debug|Any CPU
		{B74451B8-3C98-49CD-BFED-FC79C41CB742}.Debug|x86.Build.0 = Debug|Any CPU
		{B74451B8-3C98-49CD-BFED-FC79C41CB742}.Demo|Any CPU.ActiveCfg = Debug|Any CPU
		{B74451B8-3C98-49CD-BFED-FC79C41CB742}.Demo|Any CPU.Build.0 = Debug|Any CPU
		{B74451B8-3C98-49CD-BFED-FC79C41CB742}.Demo|x86.ActiveCfg = Debug|Any CPU
		{B74451B8-3C98-49CD-BFED-FC79C41CB742}.Demo|x86.Build.0 = Debug|Any CPU
		{B74451B8-3C98-49CD-BFED-FC79C41CB742}.Release|Any CPU.ActiveCfg = Release|Any CPU
		{B74451B8-3C98-49CD-BFED-FC79C41CB742}.Release|Any CPU.Build.0 = Release|Any CPU
		{B74451B8-3C98-49CD-BFED-FC79C41CB742}.Release|x86.ActiveCfg = Release|Any CPU
		{B74451B8-3C98-49CD-BFED-FC79C41CB742}.Release|x86.Build.0 = Release|Any CPU
		{B74451B8-3C98-49CD-BFED-FC79C41CB742}.WinForms|Any CPU.ActiveCfg = Release|Any CPU
		{B74451B8-3C98-49CD-BFED-FC79C41CB742}.WinForms|Any CPU.Build.0 = Release|Any CPU
		{B74451B8-3C98-49CD-BFED-FC79C41CB742}.WinForms|x86.ActiveCfg = Release|Any CPU
		{B74451B8-3C98-49CD-BFED-FC79C41CB742}.WinForms|x86.Build.0 = Release|Any CPU
		{8C9675E8-9C82-4457-BD3F-B2A8FE66DBC2}.Academic|Any CPU.ActiveCfg = Release|Any CPU
		{8C9675E8-9C82-4457-BD3F-B2A8FE66DBC2}.Academic|Any CPU.Build.0 = Release|Any CPU
		{8C9675E8-9C82-4457-BD3F-B2A8FE66DBC2}.Academic|x86.ActiveCfg = Release|Any CPU
		{8C9675E8-9C82-4457-BD3F-B2A8FE66DBC2}.Academic|x86.Build.0 = Release|Any CPU
		{8C9675E8-9C82-4457-BD3F-B2A8FE66DBC2}.Basic|Any CPU.ActiveCfg = Release|Any CPU
		{8C9675E8-9C82-4457-BD3F-B2A8FE66DBC2}.Basic|Any CPU.Build.0 = Release|Any CPU
		{8C9675E8-9C82-4457-BD3F-B2A8FE66DBC2}.Basic|x86.ActiveCfg = Release|Any CPU
		{8C9675E8-9C82-4457-BD3F-B2A8FE66DBC2}.Basic|x86.Build.0 = Release|Any CPU
		{8C9675E8-9C82-4457-BD3F-B2A8FE66DBC2}.Debug|Any CPU.ActiveCfg = Debug|Any CPU
		{8C9675E8-9C82-4457-BD3F-B2A8FE66DBC2}.Debug|Any CPU.Build.0 = Debug|Any CPU
		{8C9675E8-9C82-4457-BD3F-B2A8FE66DBC2}.Debug|x86.ActiveCfg = Debug|Any CPU
		{8C9675E8-9C82-4457-BD3F-B2A8FE66DBC2}.Debug|x86.Build.0 = Debug|Any CPU
		{8C9675E8-9C82-4457-BD3F-B2A8FE66DBC2}.Demo|Any CPU.ActiveCfg = Debug|Any CPU
		{8C9675E8-9C82-4457-BD3F-B2A8FE66DBC2}.Demo|Any CPU.Build.0 = Debug|Any CPU
		{8C9675E8-9C82-4457-BD3F-B2A8FE66DBC2}.Demo|x86.ActiveCfg = Debug|Any CPU
		{8C9675E8-9C82-4457-BD3F-B2A8FE66DBC2}.Demo|x86.Build.0 = Debug|Any CPU
		{8C9675E8-9C82-4457-BD3F-B2A8FE66DBC2}.Release|Any CPU.ActiveCfg = Release|Any CPU
		{8C9675E8-9C82-4457-BD3F-B2A8FE66DBC2}.Release|Any CPU.Build.0 = Release|Any CPU
		{8C9675E8-9C82-4457-BD3F-B2A8FE66DBC2}.Release|x86.ActiveCfg = Release|Any CPU
		{8C9675E8-9C82-4457-BD3F-B2A8FE66DBC2}.Release|x86.Build.0 = Release|Any CPU
		{8C9675E8-9C82-4457-BD3F-B2A8FE66DBC2}.WinForms|Any CPU.ActiveCfg = Release|Any CPU
		{8C9675E8-9C82-4457-BD3F-B2A8FE66DBC2}.WinForms|Any CPU.Build.0 = Release|Any CPU
		{8C9675E8-9C82-4457-BD3F-B2A8FE66DBC2}.WinForms|x86.ActiveCfg = Release|Any CPU
		{8C9675E8-9C82-4457-BD3F-B2A8FE66DBC2}.WinForms|x86.Build.0 = Release|Any CPU
		{140F1360-E156-45ED-BE3A-B4A0AF2D40E8}.Academic|Any CPU.ActiveCfg = Release|Any CPU
		{140F1360-E156-45ED-BE3A-B4A0AF2D40E8}.Academic|Any CPU.Build.0 = Release|Any CPU
		{140F1360-E156-45ED-BE3A-B4A0AF2D40E8}.Academic|x86.ActiveCfg = Release|Any CPU
		{140F1360-E156-45ED-BE3A-B4A0AF2D40E8}.Academic|x86.Build.0 = Release|Any CPU
		{140F1360-E156-45ED-BE3A-B4A0AF2D40E8}.Basic|Any CPU.ActiveCfg = Release|Any CPU
		{140F1360-E156-45ED-BE3A-B4A0AF2D40E8}.Basic|Any CPU.Build.0 = Release|Any CPU
		{140F1360-E156-45ED-BE3A-B4A0AF2D40E8}.Basic|x86.ActiveCfg = Release|Any CPU
		{140F1360-E156-45ED-BE3A-B4A0AF2D40E8}.Basic|x86.Build.0 = Release|Any CPU
		{140F1360-E156-45ED-BE3A-B4A0AF2D40E8}.Debug|Any CPU.ActiveCfg = Debug|Any CPU
		{140F1360-E156-45ED-BE3A-B4A0AF2D40E8}.Debug|Any CPU.Build.0 = Debug|Any CPU
		{140F1360-E156-45ED-BE3A-B4A0AF2D40E8}.Debug|x86.ActiveCfg = Debug|Any CPU
		{140F1360-E156-45ED-BE3A-B4A0AF2D40E8}.Debug|x86.Build.0 = Debug|Any CPU
		{140F1360-E156-45ED-BE3A-B4A0AF2D40E8}.Demo|Any CPU.ActiveCfg = Debug|Any CPU
		{140F1360-E156-45ED-BE3A-B4A0AF2D40E8}.Demo|Any CPU.Build.0 = Debug|Any CPU
		{140F1360-E156-45ED-BE3A-B4A0AF2D40E8}.Demo|x86.ActiveCfg = Debug|Any CPU
		{140F1360-E156-45ED-BE3A-B4A0AF2D40E8}.Demo|x86.Build.0 = Debug|Any CPU
		{140F1360-E156-45ED-BE3A-B4A0AF2D40E8}.Release|Any CPU.ActiveCfg = Release|Any CPU
		{140F1360-E156-45ED-BE3A-B4A0AF2D40E8}.Release|Any CPU.Build.0 = Release|Any CPU
		{140F1360-E156-45ED-BE3A-B4A0AF2D40E8}.Release|x86.ActiveCfg = Release|Any CPU
		{140F1360-E156-45ED-BE3A-B4A0AF2D40E8}.Release|x86.Build.0 = Release|Any CPU
		{140F1360-E156-45ED-BE3A-B4A0AF2D40E8}.WinForms|Any CPU.ActiveCfg = Release|Any CPU
		{140F1360-E156-45ED-BE3A-B4A0AF2D40E8}.WinForms|Any CPU.Build.0 = Release|Any CPU
		{140F1360-E156-45ED-BE3A-B4A0AF2D40E8}.WinForms|x86.ActiveCfg = Release|Any CPU
		{140F1360-E156-45ED-BE3A-B4A0AF2D40E8}.WinForms|x86.Build.0 = Release|Any CPU
		{A6740FE0-03AB-40E9-A2FD-B4F7A904DC36}.Academic|Any CPU.ActiveCfg = Release|Any CPU
		{A6740FE0-03AB-40E9-A2FD-B4F7A904DC36}.Academic|Any CPU.Build.0 = Release|Any CPU
		{A6740FE0-03AB-40E9-A2FD-B4F7A904DC36}.Academic|x86.ActiveCfg = Release|Any CPU
		{A6740FE0-03AB-40E9-A2FD-B4F7A904DC36}.Academic|x86.Build.0 = Release|Any CPU
		{A6740FE0-03AB-40E9-A2FD-B4F7A904DC36}.Basic|Any CPU.ActiveCfg = Release|Any CPU
		{A6740FE0-03AB-40E9-A2FD-B4F7A904DC36}.Basic|Any CPU.Build.0 = Release|Any CPU
		{A6740FE0-03AB-40E9-A2FD-B4F7A904DC36}.Basic|x86.ActiveCfg = Release|Any CPU
		{A6740FE0-03AB-40E9-A2FD-B4F7A904DC36}.Basic|x86.Build.0 = Release|Any CPU
		{A6740FE0-03AB-40E9-A2FD-B4F7A904DC36}.Debug|Any CPU.ActiveCfg = Debug|Any CPU
		{A6740FE0-03AB-40E9-A2FD-B4F7A904DC36}.Debug|Any CPU.Build.0 = Debug|Any CPU
		{A6740FE0-03AB-40E9-A2FD-B4F7A904DC36}.Debug|x86.ActiveCfg = Debug|Any CPU
		{A6740FE0-03AB-40E9-A2FD-B4F7A904DC36}.Debug|x86.Build.0 = Debug|Any CPU
		{A6740FE0-03AB-40E9-A2FD-B4F7A904DC36}.Demo|Any CPU.ActiveCfg = Debug|Any CPU
		{A6740FE0-03AB-40E9-A2FD-B4F7A904DC36}.Demo|Any CPU.Build.0 = Debug|Any CPU
		{A6740FE0-03AB-40E9-A2FD-B4F7A904DC36}.Demo|x86.ActiveCfg = Debug|Any CPU
		{A6740FE0-03AB-40E9-A2FD-B4F7A904DC36}.Demo|x86.Build.0 = Debug|Any CPU
		{A6740FE0-03AB-40E9-A2FD-B4F7A904DC36}.Release|Any CPU.ActiveCfg = Release|Any CPU
		{A6740FE0-03AB-40E9-A2FD-B4F7A904DC36}.Release|Any CPU.Build.0 = Release|Any CPU
		{A6740FE0-03AB-40E9-A2FD-B4F7A904DC36}.Release|x86.ActiveCfg = Release|Any CPU
		{A6740FE0-03AB-40E9-A2FD-B4F7A904DC36}.Release|x86.Build.0 = Release|Any CPU
		{A6740FE0-03AB-40E9-A2FD-B4F7A904DC36}.WinForms|Any CPU.ActiveCfg = Release|Any CPU
		{A6740FE0-03AB-40E9-A2FD-B4F7A904DC36}.WinForms|Any CPU.Build.0 = Release|Any CPU
		{A6740FE0-03AB-40E9-A2FD-B4F7A904DC36}.WinForms|x86.ActiveCfg = Release|Any CPU
		{A6740FE0-03AB-40E9-A2FD-B4F7A904DC36}.WinForms|x86.Build.0 = Release|Any CPU
		{F53A2FCB-4279-4214-AF1C-857C1942995E}.Academic|Any CPU.ActiveCfg = Release|Any CPU
		{F53A2FCB-4279-4214-AF1C-857C1942995E}.Academic|Any CPU.Build.0 = Release|Any CPU
		{F53A2FCB-4279-4214-AF1C-857C1942995E}.Academic|x86.ActiveCfg = Release|Any CPU
		{F53A2FCB-4279-4214-AF1C-857C1942995E}.Academic|x86.Build.0 = Release|Any CPU
		{F53A2FCB-4279-4214-AF1C-857C1942995E}.Basic|Any CPU.ActiveCfg = Release|Any CPU
		{F53A2FCB-4279-4214-AF1C-857C1942995E}.Basic|Any CPU.Build.0 = Release|Any CPU
		{F53A2FCB-4279-4214-AF1C-857C1942995E}.Basic|x86.ActiveCfg = Release|Any CPU
		{F53A2FCB-4279-4214-AF1C-857C1942995E}.Basic|x86.Build.0 = Release|Any CPU
		{F53A2FCB-4279-4214-AF1C-857C1942995E}.Debug|Any CPU.ActiveCfg = Debug|Any CPU
		{F53A2FCB-4279-4214-AF1C-857C1942995E}.Debug|Any CPU.Build.0 = Debug|Any CPU
		{F53A2FCB-4279-4214-AF1C-857C1942995E}.Debug|x86.ActiveCfg = Debug|Any CPU
		{F53A2FCB-4279-4214-AF1C-857C1942995E}.Debug|x86.Build.0 = Debug|Any CPU
		{F53A2FCB-4279-4214-AF1C-857C1942995E}.Demo|Any CPU.ActiveCfg = Debug|Any CPU
		{F53A2FCB-4279-4214-AF1C-857C1942995E}.Demo|Any CPU.Build.0 = Debug|Any CPU
		{F53A2FCB-4279-4214-AF1C-857C1942995E}.Demo|x86.ActiveCfg = Debug|Any CPU
		{F53A2FCB-4279-4214-AF1C-857C1942995E}.Demo|x86.Build.0 = Debug|Any CPU
		{F53A2FCB-4279-4214-AF1C-857C1942995E}.Release|Any CPU.ActiveCfg = Release|Any CPU
		{F53A2FCB-4279-4214-AF1C-857C1942995E}.Release|Any CPU.Build.0 = Release|Any CPU
		{F53A2FCB-4279-4214-AF1C-857C1942995E}.Release|x86.ActiveCfg = Release|Any CPU
		{F53A2FCB-4279-4214-AF1C-857C1942995E}.Release|x86.Build.0 = Release|Any CPU
		{F53A2FCB-4279-4214-AF1C-857C1942995E}.WinForms|Any CPU.ActiveCfg = Release|Any CPU
		{F53A2FCB-4279-4214-AF1C-857C1942995E}.WinForms|Any CPU.Build.0 = Release|Any CPU
		{F53A2FCB-4279-4214-AF1C-857C1942995E}.WinForms|x86.ActiveCfg = Release|Any CPU
		{F53A2FCB-4279-4214-AF1C-857C1942995E}.WinForms|x86.Build.0 = Release|Any CPU
		{7C64FBDC-25E5-47FF-B6F8-443256745E2D}.Academic|Any CPU.ActiveCfg = Academic|Any CPU
		{7C64FBDC-25E5-47FF-B6F8-443256745E2D}.Academic|Any CPU.Build.0 = Academic|Any CPU
		{7C64FBDC-25E5-47FF-B6F8-443256745E2D}.Academic|x86.ActiveCfg = Academic|Any CPU
		{7C64FBDC-25E5-47FF-B6F8-443256745E2D}.Academic|x86.Build.0 = Academic|Any CPU
		{7C64FBDC-25E5-47FF-B6F8-443256745E2D}.Basic|Any CPU.ActiveCfg = Basic|Any CPU
		{7C64FBDC-25E5-47FF-B6F8-443256745E2D}.Basic|Any CPU.Build.0 = Basic|Any CPU
		{7C64FBDC-25E5-47FF-B6F8-443256745E2D}.Basic|x86.ActiveCfg = Basic|Any CPU
		{7C64FBDC-25E5-47FF-B6F8-443256745E2D}.Basic|x86.Build.0 = Basic|Any CPU
		{7C64FBDC-25E5-47FF-B6F8-443256745E2D}.Debug|Any CPU.ActiveCfg = Debug|Any CPU
		{7C64FBDC-25E5-47FF-B6F8-443256745E2D}.Debug|Any CPU.Build.0 = Debug|Any CPU
		{7C64FBDC-25E5-47FF-B6F8-443256745E2D}.Debug|x86.ActiveCfg = Debug|Any CPU
		{7C64FBDC-25E5-47FF-B6F8-443256745E2D}.Debug|x86.Build.0 = Debug|Any CPU
		{7C64FBDC-25E5-47FF-B6F8-443256745E2D}.Demo|Any CPU.ActiveCfg = Demo|Any CPU
		{7C64FBDC-25E5-47FF-B6F8-443256745E2D}.Demo|Any CPU.Build.0 = Demo|Any CPU
		{7C64FBDC-25E5-47FF-B6F8-443256745E2D}.Demo|x86.ActiveCfg = Demo|Any CPU
		{7C64FBDC-25E5-47FF-B6F8-443256745E2D}.Demo|x86.Build.0 = Demo|Any CPU
		{7C64FBDC-25E5-47FF-B6F8-443256745E2D}.Release|Any CPU.ActiveCfg = Release|Any CPU
		{7C64FBDC-25E5-47FF-B6F8-443256745E2D}.Release|Any CPU.Build.0 = Release|Any CPU
		{7C64FBDC-25E5-47FF-B6F8-443256745E2D}.Release|x86.ActiveCfg = Release|Any CPU
		{7C64FBDC-25E5-47FF-B6F8-443256745E2D}.Release|x86.Build.0 = Release|Any CPU
		{7C64FBDC-25E5-47FF-B6F8-443256745E2D}.WinForms|Any CPU.ActiveCfg = WinForms|Any CPU
		{7C64FBDC-25E5-47FF-B6F8-443256745E2D}.WinForms|Any CPU.Build.0 = WinForms|Any CPU
		{7C64FBDC-25E5-47FF-B6F8-443256745E2D}.WinForms|x86.ActiveCfg = WinForms|Any CPU
		{7C64FBDC-25E5-47FF-B6F8-443256745E2D}.WinForms|x86.Build.0 = WinForms|Any CPU
	EndGlobalSection
	GlobalSection(SolutionProperties) = preSolution
		HideSolutionNode = FALSE
	EndGlobalSection
EndGlobal
